// !$*UTF8*$!
{
	archiveVersion = 1;
	classes = {
	};
	objectVersion = 56;
	objects = {

/* Begin PBXBuildFile section */
		77E35185297A0FA80010F968 /* AppDelegate.swift in Sources */ = {isa = PBXBuildFile; fileRef = 77E35184297A0FA80010F968 /* AppDelegate.swift */; };
		77E35187297A0FA80010F968 /* SceneDelegate.swift in Sources */ = {isa = PBXBuildFile; fileRef = 77E35186297A0FA80010F968 /* SceneDelegate.swift */; };
		77E35189297A0FA80010F968 /* ViewController.swift in Sources */ = {isa = PBXBuildFile; fileRef = 77E35188297A0FA80010F968 /* ViewController.swift */; };
		77E3518C297A0FA80010F968 /* Main.storyboard in Resources */ = {isa = PBXBuildFile; fileRef = 77E3518A297A0FA80010F968 /* Main.storyboard */; };
		77E3518E297A0FAB0010F968 /* Assets.xcassets in Resources */ = {isa = PBXBuildFile; fileRef = 77E3518D297A0FAB0010F968 /* Assets.xcassets */; };
		77E35191297A0FAB0010F968 /* LaunchScreen.storyboard in Resources */ = {isa = PBXBuildFile; fileRef = 77E3518F297A0FAB0010F968 /* LaunchScreen.storyboard */; };
/* End PBXBuildFile section */

/* Begin PBXContainerItemProxy section */
		77E351A0297A892E0010F968 /* PBXContainerItemProxy */ = {
			isa = PBXContainerItemProxy;
			containerPortal = 77E35179297A0FA80010F968 /* Project object */;
			proxyType = 1;
			remoteGlobalIDString = 77E35180297A0FA80010F968;
			remoteInfo = NoCamera;
		};
		77E351AF297A893C0010F968 /* PBXContainerItemProxy */ = {
			isa = PBXContainerItemProxy;
			containerPortal = 77E35179297A0FA80010F968 /* Project object */;
			proxyType = 1;
			remoteGlobalIDString = 77E35180297A0FA80010F968;
			remoteInfo = NoCamera;
		};
/* End PBXContainerItemProxy section */

/* Begin PBXFileReference section */
		77E35181297A0FA80010F968 /* NoSoundCamera.app */ = {isa = PBXFileReference; explicitFileType = wrapper.application; includeInIndex = 0; path = NoSoundCamera.app; sourceTree = BUILT_PRODUCTS_DIR; };
		77E35184297A0FA80010F968 /* AppDelegate.swift */ = {isa = PBXFileReference; lastKnownFileType = sourcecode.swift; path = AppDelegate.swift; sourceTree = "<group>"; };
		77E35186297A0FA80010F968 /* SceneDelegate.swift */ = {isa = PBXFileReference; lastKnownFileType = sourcecode.swift; path = SceneDelegate.swift; sourceTree = "<group>"; };
		77E35188297A0FA80010F968 /* ViewController.swift */ = {isa = PBXFileReference; lastKnownFileType = sourcecode.swift; path = ViewController.swift; sourceTree = "<group>"; };
		77E3518B297A0FA80010F968 /* Base */ = {isa = PBXFileReference; lastKnownFileType = file.storyboard; name = Base; path = Base.lproj/Main.storyboard; sourceTree = "<group>"; };
		77E3518D297A0FAB0010F968 /* Assets.xcassets */ = {isa = PBXFileReference; lastKnownFileType = folder.assetcatalog; path = Assets.xcassets; sourceTree = "<group>"; };
		77E35190297A0FAB0010F968 /* Base */ = {isa = PBXFileReference; lastKnownFileType = file.storyboard; name = Base; path = Base.lproj/LaunchScreen.storyboard; sourceTree = "<group>"; };
		77E35192297A0FAB0010F968 /* Info.plist */ = {isa = PBXFileReference; lastKnownFileType = text.plist.xml; path = Info.plist; sourceTree = "<group>"; };
		77E3519C297A892E0010F968 /* NoSoundCameraTests.xctest */ = {isa = PBXFileReference; explicitFileType = wrapper.cfbundle; includeInIndex = 0; path = NoSoundCameraTests.xctest; sourceTree = BUILT_PRODUCTS_DIR; };
		77E351A9297A893C0010F968 /* NoSoundCameraUITests.xctest */ = {isa = PBXFileReference; explicitFileType = wrapper.cfbundle; includeInIndex = 0; path = NoSoundCameraUITests.xctest; sourceTree = BUILT_PRODUCTS_DIR; };
/* End PBXFileReference section */

/* Begin PBXFrameworksBuildPhase section */
		77E3517E297A0FA80010F968 /* Frameworks */ = {
			isa = PBXFrameworksBuildPhase;
			buildActionMask = 2147483647;
			files = (
			);
			runOnlyForDeploymentPostprocessing = 0;
		};
		77E35199297A892E0010F968 /* Frameworks */ = {
			isa = PBXFrameworksBuildPhase;
			buildActionMask = 2147483647;
			files = (
			);
			runOnlyForDeploymentPostprocessing = 0;
		};
		77E351A6297A893C0010F968 /* Frameworks */ = {
			isa = PBXFrameworksBuildPhase;
			buildActionMask = 2147483647;
			files = (
			);
			runOnlyForDeploymentPostprocessing = 0;
		};
/* End PBXFrameworksBuildPhase section */

/* Begin PBXGroup section */
		77E35178297A0FA80010F968 = {
			isa = PBXGroup;
			children = (
				77E35183297A0FA80010F968 /* NoSoundCamera */,
				77E35182297A0FA80010F968 /* Products */,
			);
			sourceTree = "<group>";
		};
		77E35182297A0FA80010F968 /* Products */ = {
			isa = PBXGroup;
			children = (
				77E35181297A0FA80010F968 /* NoSoundCamera.app */,
				77E3519C297A892E0010F968 /* NoSoundCameraTests.xctest */,
				77E351A9297A893C0010F968 /* NoSoundCameraUITests.xctest */,
			);
			name = Products;
			sourceTree = "<group>";
		};
		77E35183297A0FA80010F968 /* NoSoundCamera */ = {
			isa = PBXGroup;
			children = (
				77E35184297A0FA80010F968 /* AppDelegate.swift */,
				77E35186297A0FA80010F968 /* SceneDelegate.swift */,
				77E35188297A0FA80010F968 /* ViewController.swift */,
				77E3518A297A0FA80010F968 /* Main.storyboard */,
				77E3518D297A0FAB0010F968 /* Assets.xcassets */,
				77E3518F297A0FAB0010F968 /* LaunchScreen.storyboard */,
				77E35192297A0FAB0010F968 /* Info.plist */,
			);
			path = NoSoundCamera;
			sourceTree = "<group>";
		};
/* End PBXGroup section */

/* Begin PBXNativeTarget section */
		77E35180297A0FA80010F968 /* NoSoundCamera */ = {
			isa = PBXNativeTarget;
			buildConfigurationList = 77E35195297A0FAB0010F968 /* Build configuration list for PBXNativeTarget "NoSoundCamera" */;
			buildPhases = (
				77E3517D297A0FA80010F968 /* Sources */,
				77E3517E297A0FA80010F968 /* Frameworks */,
				77E3517F297A0FA80010F968 /* Resources */,
			);
			buildRules = (
			);
			dependencies = (
			);
			name = NoSoundCamera;
			productName = NoCamera;
			productReference = 77E35181297A0FA80010F968 /* NoSoundCamera.app */;
			productType = "com.apple.product-type.application";
		};
		77E3519B297A892E0010F968 /* NoSoundCameraTests */ = {
			isa = PBXNativeTarget;
			buildConfigurationList = 77E351A4297A892E0010F968 /* Build configuration list for PBXNativeTarget "NoSoundCameraTests" */;
			buildPhases = (
				77E35198297A892E0010F968 /* Sources */,
				77E35199297A892E0010F968 /* Frameworks */,
				77E3519A297A892E0010F968 /* Resources */,
			);
			buildRules = (
			);
			dependencies = (
				77E351A1297A892E0010F968 /* PBXTargetDependency */,
			);
			name = NoSoundCameraTests;
			productName = NoCameraTests;
			productReference = 77E3519C297A892E0010F968 /* NoSoundCameraTests.xctest */;
			productType = "com.apple.product-type.bundle.unit-test";
		};
		77E351A8297A893C0010F968 /* NoSoundCameraUITests */ = {
			isa = PBXNativeTarget;
			buildConfigurationList = 77E351B1297A893C0010F968 /* Build configuration list for PBXNativeTarget "NoSoundCameraUITests" */;
			buildPhases = (
				77E351A5297A893C0010F968 /* Sources */,
				77E351A6297A893C0010F968 /* Frameworks */,
				77E351A7297A893C0010F968 /* Resources */,
			);
			buildRules = (
			);
			dependencies = (
				77E351B0297A893C0010F968 /* PBXTargetDependency */,
			);
			name = NoSoundCameraUITests;
			productName = NoCameraUITests;
			productReference = 77E351A9297A893C0010F968 /* NoSoundCameraUITests.xctest */;
			productType = "com.apple.product-type.bundle.ui-testing";
		};
/* End PBXNativeTarget section */

/* Begin PBXProject section */
		77E35179297A0FA80010F968 /* Project object */ = {
			isa = PBXProject;
			attributes = {
				BuildIndependentTargetsInParallel = 1;
				LastSwiftUpdateCheck = 1400;
				LastUpgradeCheck = 1400;
				TargetAttributes = {
					77E35180297A0FA80010F968 = {
						CreatedOnToolsVersion = 14.0.1;
					};
					77E3519B297A892E0010F968 = {
						CreatedOnToolsVersion = 14.0.1;
						TestTargetID = 77E35180297A0FA80010F968;
					};
					77E351A8297A893C0010F968 = {
						CreatedOnToolsVersion = 14.0.1;
						TestTargetID = 77E35180297A0FA80010F968;
					};
				};
			};
			buildConfigurationList = 77E3517C297A0FA80010F968 /* Build configuration list for PBXProject "NoSoundCamera" */;
			compatibilityVersion = "Xcode 14.0";
			developmentRegion = en;
			hasScannedForEncodings = 0;
			knownRegions = (
				en,
				Base,
			);
			mainGroup = 77E35178297A0FA80010F968;
			productRefGroup = 77E35182297A0FA80010F968 /* Products */;
			projectDirPath = "";
			projectRoot = "";
			targets = (
				77E35180297A0FA80010F968 /* NoSoundCamera */,
				77E3519B297A892E0010F968 /* NoSoundCameraTests */,
				77E351A8297A893C0010F968 /* NoSoundCameraUITests */,
			);
		};
/* End PBXProject section */

/* Begin PBXResourcesBuildPhase section */
		77E3517F297A0FA80010F968 /* Resources */ = {
			isa = PBXResourcesBuildPhase;
			buildActionMask = 2147483647;
			files = (
				77E35191297A0FAB0010F968 /* LaunchScreen.storyboard in Resources */,
				77E3518E297A0FAB0010F968 /* Assets.xcassets in Resources */,
				77E3518C297A0FA80010F968 /* Main.storyboard in Resources */,
			);
			runOnlyForDeploymentPostprocessing = 0;
		};
		77E3519A297A892E0010F968 /* Resources */ = {
			isa = PBXResourcesBuildPhase;
			buildActionMask = 2147483647;
			files = (
			);
			runOnlyForDeploymentPostprocessing = 0;
		};
		77E351A7297A893C0010F968 /* Resources */ = {
			isa = PBXResourcesBuildPhase;
			buildActionMask = 2147483647;
			files = (
			);
			runOnlyForDeploymentPostprocessing = 0;
		};
/* End PBXResourcesBuildPhase section */

/* Begin PBXSourcesBuildPhase section */
		77E3517D297A0FA80010F968 /* Sources */ = {
			isa = PBXSourcesBuildPhase;
			buildActionMask = 2147483647;
			files = (
				77E35189297A0FA80010F968 /* ViewController.swift in Sources */,
				77E35185297A0FA80010F968 /* AppDelegate.swift in Sources */,
				77E35187297A0FA80010F968 /* SceneDelegate.swift in Sources */,
			);
			runOnlyForDeploymentPostprocessing = 0;
		};
		77E35198297A892E0010F968 /* Sources */ = {
			isa = PBXSourcesBuildPhase;
			buildActionMask = 2147483647;
			files = (
			);
			runOnlyForDeploymentPostprocessing = 0;
		};
		77E351A5297A893C0010F968 /* Sources */ = {
			isa = PBXSourcesBuildPhase;
			buildActionMask = 2147483647;
			files = (
			);
			runOnlyForDeploymentPostprocessing = 0;
		};
/* End PBXSourcesBuildPhase section */

/* Begin PBXTargetDependency section */
		77E351A1297A892E0010F968 /* PBXTargetDependency */ = {
			isa = PBXTargetDependency;
			target = 77E35180297A0FA80010F968 /* NoSoundCamera */;
			targetProxy = 77E351A0297A892E0010F968 /* PBXContainerItemProxy */;
		};
		77E351B0297A893C0010F968 /* PBXTargetDependency */ = {
			isa = PBXTargetDependency;
			target = 77E35180297A0FA80010F968 /* NoSoundCamera */;
			targetProxy = 77E351AF297A893C0010F968 /* PBXContainerItemProxy */;
		};
/* End PBXTargetDependency section */

/* Begin PBXVariantGroup section */
		77E3518A297A0FA80010F968 /* Main.storyboard */ = {
			isa = PBXVariantGroup;
			children = (
				77E3518B297A0FA80010F968 /* Base */,
			);
			name = Main.storyboard;
			sourceTree = "<group>";
		};
		77E3518F297A0FAB0010F968 /* LaunchScreen.storyboard */ = {
			isa = PBXVariantGroup;
			children = (
				77E35190297A0FAB0010F968 /* Base */,
			);
			name = LaunchScreen.storyboard;
			sourceTree = "<group>";
		};
/* End PBXVariantGroup section */

/* Begin XCBuildConfiguration section */
		77E35193297A0FAB0010F968 /* Debug */ = {
			isa = XCBuildConfiguration;
			buildSettings = {
				ALWAYS_SEARCH_USER_PATHS = NO;
				CLANG_ANALYZER_NONNULL = YES;
				CLANG_ANALYZER_NUMBER_OBJECT_CONVERSION = YES_AGGRESSIVE;
				CLANG_CXX_LANGUAGE_STANDARD = "gnu++20";
				CLANG_ENABLE_MODULES = YES;
				CLANG_ENABLE_OBJC_ARC = YES;
				CLANG_ENABLE_OBJC_WEAK = YES;
				CLANG_WARN_BLOCK_CAPTURE_AUTORELEASING = YES;
				CLANG_WARN_BOOL_CONVERSION = YES;
				CLANG_WARN_COMMA = YES;
				CLANG_WARN_CONSTANT_CONVERSION = YES;
				CLANG_WARN_DEPRECATED_OBJC_IMPLEMENTATIONS = YES;
				CLANG_WARN_DIRECT_OBJC_ISA_USAGE = YES_ERROR;
				CLANG_WARN_DOCUMENTATION_COMMENTS = YES;
				CLANG_WARN_EMPTY_BODY = YES;
				CLANG_WARN_ENUM_CONVERSION = YES;
				CLANG_WARN_INFINITE_RECURSION = YES;
				CLANG_WARN_INT_CONVERSION = YES;
				CLANG_WARN_NON_LITERAL_NULL_CONVERSION = YES;
				CLANG_WARN_OBJC_IMPLICIT_RETAIN_SELF = YES;
				CLANG_WARN_OBJC_LITERAL_CONVERSION = YES;
				CLANG_WARN_OBJC_ROOT_CLASS = YES_ERROR;
				CLANG_WARN_QUOTED_INCLUDE_IN_FRAMEWORK_HEADER = YES;
				CLANG_WARN_RANGE_LOOP_ANALYSIS = YES;
				CLANG_WARN_STRICT_PROTOTYPES = YES;
				CLANG_WARN_SUSPICIOUS_MOVE = YES;
				CLANG_WARN_UNGUARDED_AVAILABILITY = YES_AGGRESSIVE;
				CLANG_WARN_UNREACHABLE_CODE = YES;
				CLANG_WARN__DUPLICATE_METHOD_MATCH = YES;
				COPY_PHASE_STRIP = NO;
				DEBUG_INFORMATION_FORMAT = dwarf;
				ENABLE_STRICT_OBJC_MSGSEND = YES;
				ENABLE_TESTABILITY = YES;
				GCC_C_LANGUAGE_STANDARD = gnu11;
				GCC_DYNAMIC_NO_PIC = NO;
				GCC_NO_COMMON_BLOCKS = YES;
				GCC_OPTIMIZATION_LEVEL = 0;
				GCC_PREPROCESSOR_DEFINITIONS = (
					"DEBUG=1",
					"$(inherited)",
				);
				GCC_WARN_64_TO_32_BIT_CONVERSION = YES;
				GCC_WARN_ABOUT_RETURN_TYPE = YES_ERROR;
				GCC_WARN_UNDECLARED_SELECTOR = YES;
				GCC_WARN_UNINITIALIZED_AUTOS = YES_AGGRESSIVE;
				GCC_WARN_UNUSED_FUNCTION = YES;
				GCC_WARN_UNUSED_VARIABLE = YES;
				IPHONEOS_DEPLOYMENT_TARGET = 16.0;
				MTL_ENABLE_DEBUG_INFO = INCLUDE_SOURCE;
				MTL_FAST_MATH = YES;
				ONLY_ACTIVE_ARCH = YES;
				SDKROOT = iphoneos;
				SWIFT_ACTIVE_COMPILATION_CONDITIONS = DEBUG;
				SWIFT_OPTIMIZATION_LEVEL = "-Onone";
			};
			name = Debug;
		};
		77E35194297A0FAB0010F968 /* Release */ = {
			isa = XCBuildConfiguration;
			buildSettings = {
				ALWAYS_SEARCH_USER_PATHS = NO;
				CLANG_ANALYZER_NONNULL = YES;
				CLANG_ANALYZER_NUMBER_OBJECT_CONVERSION = YES_AGGRESSIVE;
				CLANG_CXX_LANGUAGE_STANDARD = "gnu++20";
				CLANG_ENABLE_MODULES = YES;
				CLANG_ENABLE_OBJC_ARC = YES;
				CLANG_ENABLE_OBJC_WEAK = YES;
				CLANG_WARN_BLOCK_CAPTURE_AUTORELEASING = YES;
				CLANG_WARN_BOOL_CONVERSION = YES;
				CLANG_WARN_COMMA = YES;
				CLANG_WARN_CONSTANT_CONVERSION = YES;
				CLANG_WARN_DEPRECATED_OBJC_IMPLEMENTATIONS = YES;
				CLANG_WARN_DIRECT_OBJC_ISA_USAGE = YES_ERROR;
				CLANG_WARN_DOCUMENTATION_COMMENTS = YES;
				CLANG_WARN_EMPTY_BODY = YES;
				CLANG_WARN_ENUM_CONVERSION = YES;
				CLANG_WARN_INFINITE_RECURSION = YES;
				CLANG_WARN_INT_CONVERSION = YES;
				CLANG_WARN_NON_LITERAL_NULL_CONVERSION = YES;
				CLANG_WARN_OBJC_IMPLICIT_RETAIN_SELF = YES;
				CLANG_WARN_OBJC_LITERAL_CONVERSION = YES;
				CLANG_WARN_OBJC_ROOT_CLASS = YES_ERROR;
				CLANG_WARN_QUOTED_INCLUDE_IN_FRAMEWORK_HEADER = YES;
				CLANG_WARN_RANGE_LOOP_ANALYSIS = YES;
				CLANG_WARN_STRICT_PROTOTYPES = YES;
				CLANG_WARN_SUSPICIOUS_MOVE = YES;
				CLANG_WARN_UNGUARDED_AVAILABILITY = YES_AGGRESSIVE;
				CLANG_WARN_UNREACHABLE_CODE = YES;
				CLANG_WARN__DUPLICATE_METHOD_MATCH = YES;
				COPY_PHASE_STRIP = NO;
				DEBUG_INFORMATION_FORMAT = "dwarf-with-dsym";
				ENABLE_NS_ASSERTIONS = NO;
				ENABLE_STRICT_OBJC_MSGSEND = YES;
				GCC_C_LANGUAGE_STANDARD = gnu11;
				GCC_NO_COMMON_BLOCKS = YES;
				GCC_WARN_64_TO_32_BIT_CONVERSION = YES;
				GCC_WARN_ABOUT_RETURN_TYPE = YES_ERROR;
				GCC_WARN_UNDECLARED_SELECTOR = YES;
				GCC_WARN_UNINITIALIZED_AUTOS = YES_AGGRESSIVE;
				GCC_WARN_UNUSED_FUNCTION = YES;
				GCC_WARN_UNUSED_VARIABLE = YES;
				IPHONEOS_DEPLOYMENT_TARGET = 16.0;
				MTL_ENABLE_DEBUG_INFO = NO;
				MTL_FAST_MATH = YES;
				SDKROOT = iphoneos;
				SWIFT_COMPILATION_MODE = wholemodule;
				SWIFT_OPTIMIZATION_LEVEL = "-O";
				VALIDATE_PRODUCT = YES;
			};
			name = Release;
		};
		77E35196297A0FAB0010F968 /* Debug */ = {
			isa = XCBuildConfiguration;
			buildSettings = {
				ASSETCATALOG_COMPILER_APPICON_NAME = AppIcon;
				ASSETCATALOG_COMPILER_GLOBAL_ACCENT_COLOR_NAME = AccentColor;
				CODE_SIGN_STYLE = Automatic;
				CURRENT_PROJECT_VERSION = 1;
				DEVELOPMENT_TEAM = 3QW634QC5P;
				GENERATE_INFOPLIST_FILE = YES;
				INFOPLIST_FILE = NoSoundCamera/Info.plist;
				INFOPLIST_KEY_NSCameraUsageDescription = "写真を撮影するため";
				INFOPLIST_KEY_NSPhotoLibraryUsageDescription = "写真へ保存するため";
				INFOPLIST_KEY_UIApplicationSupportsIndirectInputEvents = YES;
				INFOPLIST_KEY_UILaunchStoryboardName = LaunchScreen;
				INFOPLIST_KEY_UIMainStoryboardFile = Main;
				INFOPLIST_KEY_UISupportedInterfaceOrientations = UIInterfaceOrientationPortrait;
				INFOPLIST_KEY_UISupportedInterfaceOrientations_iPad = "UIInterfaceOrientationLandscapeLeft UIInterfaceOrientationLandscapeRight UIInterfaceOrientationPortrait UIInterfaceOrientationPortraitUpsideDown";
				IPHONEOS_DEPLOYMENT_TARGET = 15.0;
				LD_RUNPATH_SEARCH_PATHS = (
					"$(inherited)",
					"@executable_path/Frameworks",
				);
				MARKETING_VERSION = 1.0;
				PRODUCT_BUNDLE_IDENTIFIER = com.nakajima.camer.CameraZoomSample;
				PRODUCT_NAME = "$(TARGET_NAME)";
				SWIFT_EMIT_LOC_STRINGS = YES;
				SWIFT_VERSION = 5.0;
				TARGETED_DEVICE_FAMILY = "1,2";
			};
			name = Debug;
		};
		77E35197297A0FAB0010F968 /* Release */ = {
			isa = XCBuildConfiguration;
			buildSettings = {
				ASSETCATALOG_COMPILER_APPICON_NAME = AppIcon;
				ASSETCATALOG_COMPILER_GLOBAL_ACCENT_COLOR_NAME = AccentColor;
				CODE_SIGN_STYLE = Automatic;
				CURRENT_PROJECT_VERSION = 1;
				DEVELOPMENT_TEAM = 3QW634QC5P;
				GENERATE_INFOPLIST_FILE = YES;
				INFOPLIST_FILE = NoSoundCamera/Info.plist;
				INFOPLIST_KEY_NSCameraUsageDescription = "写真を撮影するため";
				INFOPLIST_KEY_NSPhotoLibraryUsageDescription = "写真へ保存するため";
				INFOPLIST_KEY_UIApplicationSupportsIndirectInputEvents = YES;
				INFOPLIST_KEY_UILaunchStoryboardName = LaunchScreen;
				INFOPLIST_KEY_UIMainStoryboardFile = Main;
				INFOPLIST_KEY_UISupportedInterfaceOrientations = UIInterfaceOrientationPortrait;
				INFOPLIST_KEY_UISupportedInterfaceOrientations_iPad = "UIInterfaceOrientationLandscapeLeft UIInterfaceOrientationLandscapeRight UIInterfaceOrientationPortrait UIInterfaceOrientationPortraitUpsideDown";
				IPHONEOS_DEPLOYMENT_TARGET = 15.0;
				LD_RUNPATH_SEARCH_PATHS = (
					"$(inherited)",
					"@executable_path/Frameworks",
				);
				MARKETING_VERSION = 1.0;
				PRODUCT_BUNDLE_IDENTIFIER = com.nakajima.camer.CameraZoomSample;
				PRODUCT_NAME = "$(TARGET_NAME)";
				SWIFT_EMIT_LOC_STRINGS = YES;
				SWIFT_VERSION = 5.0;
				TARGETED_DEVICE_FAMILY = "1,2";
			};
			name = Release;
		};
		77E351A2297A892E0010F968 /* Debug */ = {
			isa = XCBuildConfiguration;
			buildSettings = {
				BUNDLE_LOADER = "$(TEST_HOST)";
				CODE_SIGN_STYLE = Automatic;
				CURRENT_PROJECT_VERSION = 1;
				DEVELOPMENT_TEAM = 5BW6FZ62KX;
				GENERATE_INFOPLIST_FILE = YES;
				MARKETING_VERSION = 1.0;
				PRODUCT_BUNDLE_IDENTIFIER = com.avancesys.nakajima.camer.NoCameraTests;
				PRODUCT_NAME = "$(TARGET_NAME)";
				SWIFT_EMIT_LOC_STRINGS = NO;
				SWIFT_VERSION = 5.0;
				TARGETED_DEVICE_FAMILY = "1,2";
				TEST_HOST = "$(BUILT_PRODUCTS_DIR)/NoSoundCamera.app/$(BUNDLE_EXECUTABLE_FOLDER_PATH)/NoSoundCamera";
			};
			name = Debug;
		};
		77E351A3297A892E0010F968 /* Release */ = {
			isa = XCBuildConfiguration;
			buildSettings = {
				BUNDLE_LOADER = "$(TEST_HOST)";
				CODE_SIGN_STYLE = Automatic;
				CURRENT_PROJECT_VERSION = 1;
				DEVELOPMENT_TEAM = 5BW6FZ62KX;
				GENERATE_INFOPLIST_FILE = YES;
				MARKETING_VERSION = 1.0;
				PRODUCT_BUNDLE_IDENTIFIER = com.avancesys.nakajima.camer.NoCameraTests;
				PRODUCT_NAME = "$(TARGET_NAME)";
				SWIFT_EMIT_LOC_STRINGS = NO;
				SWIFT_VERSION = 5.0;
				TARGETED_DEVICE_FAMILY = "1,2";
				TEST_HOST = "$(BUILT_PRODUCTS_DIR)/NoSoundCamera.app/$(BUNDLE_EXECUTABLE_FOLDER_PATH)/NoSoundCamera";
			};
			name = Release;
		};
		77E351B2297A893C0010F968 /* Debug */ = {
			isa = XCBuildConfiguration;
			buildSettings = {
				CODE_SIGN_STYLE = Automatic;
				CURRENT_PROJECT_VERSION = 1;
				DEVELOPMENT_TEAM = 5BW6FZ62KX;
				GENERATE_INFOPLIST_FILE = YES;
				MARKETING_VERSION = 1.0;
				PRODUCT_BUNDLE_IDENTIFIER = com.avancesys.nakajima.camer.NoCameraUITests;
				PRODUCT_NAME = "$(TARGET_NAME)";
				SWIFT_EMIT_LOC_STRINGS = NO;
				SWIFT_VERSION = 5.0;
				TARGETED_DEVICE_FAMILY = "1,2";
				TEST_TARGET_NAME = NoCamera;
			};
			name = Debug;
		};
		77E351B3297A893C0010F968 /* Release */ = {
			isa = XCBuildConfiguration;
			buildSettings = {
				CODE_SIGN_STYLE = Automatic;
				CURRENT_PROJECT_VERSION = 1;
				DEVELOPMENT_TEAM = 5BW6FZ62KX;
				GENERATE_INFOPLIST_FILE = YES;
				MARKETING_VERSION = 1.0;
				PRODUCT_BUNDLE_IDENTIFIER = com.avancesys.nakajima.camer.NoCameraUITests;
				PRODUCT_NAME = "$(TARGET_NAME)";
				SWIFT_EMIT_LOC_STRINGS = NO;
				SWIFT_VERSION = 5.0;
				TARGETED_DEVICE_FAMILY = "1,2";
				TEST_TARGET_NAME = NoCamera;
			};
			name = Release;
		};
/* End XCBuildConfiguration section */

/* Begin XCConfigurationList section */
		77E3517C297A0FA80010F968 /* Build configuration list for PBXProject "NoSoundCamera" */ = {
			isa = XCConfigurationList;
			buildConfigurations = (
				77E35193297A0FAB0010F968 /* Debug */,
				77E35194297A0FAB0010F968 /* Release */,
			);
			defaultConfigurationIsVisible = 0;
			defaultConfigurationName = Release;
		};
		77E35195297A0FAB0010F968 /* Build configuration list for PBXNativeTarget "NoSoundCamera" */ = {
			isa = XCConfigurationList;
			buildConfigurations = (
				77E35196297A0FAB0010F968 /* Debug */,
				77E35197297A0FAB0010F968 /* Release */,
			);
			defaultConfigurationIsVisible = 0;
			defaultConfigurationName = Release;
		};
		77E351A4297A892E0010F968 /* Build configuration list for PBXNativeTarget "NoSoundCameraTests" */ = {
			isa = XCConfigurationList;
			buildConfigurations = (
				77E351A2297A892E0010F968 /* Debug */,
				77E351A3297A892E0010F968 /* Release */,
			);
			defaultConfigurationIsVisible = 0;
			defaultConfigurationName = Release;
		};
		77E351B1297A893C0010F968 /* Build configuration list for PBXNativeTarget "NoSoundCameraUITests" */ = {
			isa = XCConfigurationList;
			buildConfigurations = (
				77E351B2297A893C0010F968 /* Debug */,
				77E351B3297A893C0010F968 /* Release */,
			);
			defaultConfigurationIsVisible = 0;
			defaultConfigurationName = Release;
		};
/* End XCConfigurationList section */
	};
	rootObject = 77E35179297A0FA80010F968 /* Project object */;
}
